{
  "name": "caseLogger",
  "lockfileVersion": 2,
  "requires": true,
  "packages": {
    "": {
      "dependencies": {
        "@types/google-apps-script": "^1.0.64",
        "dayjs": "^1.11.8"
      }
    },
    "node_modules/@types/google-apps-script": {
      "version": "1.0.64",
      "resolved": "https://registry.npmjs.org/@types/google-apps-script/-/google-apps-script-1.0.64.tgz",
      "integrity": "sha512-oxDnuewCGSPhlcpSiSMH9W2HkK3lV3tF/jYYqY9jdo2sKsNjeL+mH5lJiWEnqoMK8s/Sz3gxrpdsCrAFvRjTKQ=="
    },
    "node_modules/dayjs": {
      "version": "1.11.8",
      "resolved": "https://registry.npmjs.org/dayjs/-/dayjs-1.11.8.tgz",
      "integrity": "sha512-LcgxzFoWMEPO7ggRv1Y2N31hUf2R0Vj7fuy/m+Bg1K8rr+KAs1AEy4y9jd5DXe8pbHgX+srkHNS7TH6Q6ZhYeQ=="
    }
  },
  "dependencies": {
    "@types/google-apps-script": {
      "version": "1.0.64",
      "resolved": "https://registry.npmjs.org/@types/google-apps-script/-/google-apps-script-1.0.64.tgz",
      "integrity": "sha512-oxDnuewCGSPhlcpSiSMH9W2HkK3lV3tF/jYYqY9jdo2sKsNjeL+mH5lJiWEnqoMK8s/Sz3gxrpdsCrAFvRjTKQ=="
    },
    "dayjs": {
      "version": "1.11.8",
      "resolved": "https://registry.npmjs.org/dayjs/-/dayjs-1.11.8.tgz",
      "integrity": "sha512-LcgxzFoWMEPO7ggRv1Y2N31hUf2R0Vj7fuy/m+Bg1K8rr+KAs1AEy4y9jd5DXe8pbHgX+srkHNS7TH6Q6ZhYeQ=="
    }
  }
}
